// !$*UTF8*$!
{
	archiveVersion = 1;
	classes = {
	};
	objectVersion = 46;
	objects = {

/* Begin PBXBuildFile section */
		0E25411A1F967E91005A3E70 /* ModAccessoryViewHeader.swift in Sources */ = {isa = PBXBuildFile; fileRef = 0ECBE8271F9676B800E9908F /* ModAccessoryViewHeader.swift */; };
		0E25411B1F967E91005A3E70 /* ModAccessoryViewHeader.xib in Resources */ = {isa = PBXBuildFile; fileRef = 0ECBE8261F9676B800E9908F /* ModAccessoryViewHeader.xib */; };
		0E2541371F967EC9005A3E70 /* Colors.swift in Sources */ = {isa = PBXBuildFile; fileRef = 0E25411E1F967EBA005A3E70 /* Colors.swift */; };
		0E2541381F967EC9005A3E70 /* Fonts.swift in Sources */ = {isa = PBXBuildFile; fileRef = 0E25411F1F967EBA005A3E70 /* Fonts.swift */; };
		0E2541391F967EC9005A3E70 /* Sizes.swift in Sources */ = {isa = PBXBuildFile; fileRef = 0E2541201F967EBA005A3E70 /* Sizes.swift */; };
		0E25413A1F967ECE005A3E70 /* ButtonStyleSheet.swift in Sources */ = {isa = PBXBuildFile; fileRef = 0E2541221F967EBA005A3E70 /* ButtonStyleSheet.swift */; };
		0E25413B1F967ECE005A3E70 /* DefaultButton.swift in Sources */ = {isa = PBXBuildFile; fileRef = 0E2541231F967EBA005A3E70 /* DefaultButton.swift */; };
		0E25413C1F967ED1005A3E70 /* RatingComponentStyleSheet.swift in Sources */ = {isa = PBXBuildFile; fileRef = 0E2541251F967EBA005A3E70 /* RatingComponentStyleSheet.swift */; };
		0E25413D1F967ED4005A3E70 /* Styles.swift in Sources */ = {isa = PBXBuildFile; fileRef = 0E2541261F967EBA005A3E70 /* Styles.swift */; };
		0E25413E1F967ED8005A3E70 /* FloatLabelStyleSheet.swift in Sources */ = {isa = PBXBuildFile; fileRef = 0E2541281F967EBA005A3E70 /* FloatLabelStyleSheet.swift */; };
		0E25413F1F967ED8005A3E70 /* Typography.swift in Sources */ = {isa = PBXBuildFile; fileRef = 0E2541291F967EBA005A3E70 /* Typography.swift */; };
		0E2541401F967EDE005A3E70 /* Heading.swift in Sources */ = {isa = PBXBuildFile; fileRef = 0E25412B1F967EBA005A3E70 /* Heading.swift */; };
		0E2541411F967EDE005A3E70 /* RoundRect.swift in Sources */ = {isa = PBXBuildFile; fileRef = 0E25412C1F967EBA005A3E70 /* RoundRect.swift */; };
		0E2541421F967EDE005A3E70 /* ShadowViewStyleSheet.swift in Sources */ = {isa = PBXBuildFile; fileRef = 0E25412D1F967EBA005A3E70 /* ShadowViewStyleSheet.swift */; };
		0E2541431F967EDE005A3E70 /* Stylable.swift in Sources */ = {isa = PBXBuildFile; fileRef = 0E25412E1F967EBA005A3E70 /* Stylable.swift */; };
		0E2541441F967EDE005A3E70 /* StylableImageView.swift in Sources */ = {isa = PBXBuildFile; fileRef = 0E25412F1F967EBA005A3E70 /* StylableImageView.swift */; };
		0E2541451F967EDE005A3E70 /* StylableShadowView.swift in Sources */ = {isa = PBXBuildFile; fileRef = 0E2541301F967EBA005A3E70 /* StylableShadowView.swift */; };
		0E2541461F967EDE005A3E70 /* StylableTextField.swift in Sources */ = {isa = PBXBuildFile; fileRef = 0E2541311F967EBA005A3E70 /* StylableTextField.swift */; };
		0E2541471F967EDE005A3E70 /* StylableTextView.swift in Sources */ = {isa = PBXBuildFile; fileRef = 0E2541321F967EBA005A3E70 /* StylableTextView.swift */; };
		0E2541481F967EDE005A3E70 /* StylableView.swift in Sources */ = {isa = PBXBuildFile; fileRef = 0E2541331F967EBA005A3E70 /* StylableView.swift */; };
		0E2541491F967EE1005A3E70 /* CardBounceTransition.swift in Sources */ = {isa = PBXBuildFile; fileRef = 0E2541351F967EBA005A3E70 /* CardBounceTransition.swift */; };
		0E25414A1F967EE4005A3E70 /* ViewStyleSheet.swift in Sources */ = {isa = PBXBuildFile; fileRef = 0E2541361F967EBA005A3E70 /* ViewStyleSheet.swift */; };
		0E25414D1F967F34005A3E70 /* SimpleStylableButton.swift in Sources */ = {isa = PBXBuildFile; fileRef = 0E25414C1F967F34005A3E70 /* SimpleStylableButton.swift */; };
		0E2541511F967F6F005A3E70 /* RatingComponent.swift in Sources */ = {isa = PBXBuildFile; fileRef = 0E25414F1F967F64005A3E70 /* RatingComponent.swift */; };
		0E2541521F967F6F005A3E70 /* RatingComponent.xib in Resources */ = {isa = PBXBuildFile; fileRef = 0E2541501F967F64005A3E70 /* RatingComponent.xib */; };
		0E2541551F968BD0005A3E70 /* ConstantsApp.swift in Sources */ = {isa = PBXBuildFile; fileRef = 0E2541541F968BD0005A3E70 /* ConstantsApp.swift */; };
		0E2541581F968C3E005A3E70 /* ResponseModel.swift in Sources */ = {isa = PBXBuildFile; fileRef = 0E2541571F968C3E005A3E70 /* ResponseModel.swift */; };
		0E25415A1F96901F005A3E70 /* EarthquakeResponseModel.swift in Sources */ = {isa = PBXBuildFile; fileRef = 0E2541591F96901F005A3E70 /* EarthquakeResponseModel.swift */; };
		0E2541641F969718005A3E70 /* CollectionItemModel.swift in Sources */ = {isa = PBXBuildFile; fileRef = 0E25415C1F969710005A3E70 /* CollectionItemModel.swift */; };
		0E2541651F969718005A3E70 /* CollectionModel.swift in Sources */ = {isa = PBXBuildFile; fileRef = 0E25415D1F969710005A3E70 /* CollectionModel.swift */; };
		0E2541661F969718005A3E70 /* CollectionSectionModel.swift in Sources */ = {isa = PBXBuildFile; fileRef = 0E25415E1F969710005A3E70 /* CollectionSectionModel.swift */; };
		0E2541671F969718005A3E70 /* ModCollectionViewCell.swift in Sources */ = {isa = PBXBuildFile; fileRef = 0E25415F1F969710005A3E70 /* ModCollectionViewCell.swift */; };
		0E2541681F969718005A3E70 /* ModCollectionViewReusableView.swift in Sources */ = {isa = PBXBuildFile; fileRef = 0E2541601F969710005A3E70 /* ModCollectionViewReusableView.swift */; };
		0E2541691F969718005A3E70 /* ModGenericCollectionViewDataSource.swift in Sources */ = {isa = PBXBuildFile; fileRef = 0E2541611F969710005A3E70 /* ModGenericCollectionViewDataSource.swift */; };
		0E25416A1F969718005A3E70 /* ModTableViewCell.swift in Sources */ = {isa = PBXBuildFile; fileRef = 0E2541621F969710005A3E70 /* ModTableViewCell.swift */; };
		0E25416B1F969718005A3E70 /* ModTableViewHeaderFooter.swift in Sources */ = {isa = PBXBuildFile; fileRef = 0E2541631F969710005A3E70 /* ModTableViewHeaderFooter.swift */; };
		0E25416D1F969748005A3E70 /* FeedListViewController.swift in Sources */ = {isa = PBXBuildFile; fileRef = 0E25416C1F969748005A3E70 /* FeedListViewController.swift */; };
		0E25416F1F96996B005A3E70 /* FeedListView.swift in Sources */ = {isa = PBXBuildFile; fileRef = 0E25416E1F96996B005A3E70 /* FeedListView.swift */; };
		0E2541711F9699C0005A3E70 /* FeedListView.xib in Resources */ = {isa = PBXBuildFile; fileRef = 0E2541701F9699C0005A3E70 /* FeedListView.xib */; };
		0E2541731F96A337005A3E70 /* BaseViewController.swift in Sources */ = {isa = PBXBuildFile; fileRef = 0E2541721F96A337005A3E70 /* BaseViewController.swift */; };
		0E2541751F96AA5F005A3E70 /* DetailViewController.swift in Sources */ = {isa = PBXBuildFile; fileRef = 0E2541741F96AA5F005A3E70 /* DetailViewController.swift */; };
		0ECBE7F51F966CBB00E9908F /* AppDelegate.swift in Sources */ = {isa = PBXBuildFile; fileRef = 0ECBE7F41F966CBB00E9908F /* AppDelegate.swift */; };
		0ECBE7F71F966CBB00E9908F /* ViewController.swift in Sources */ = {isa = PBXBuildFile; fileRef = 0ECBE7F61F966CBB00E9908F /* ViewController.swift */; };
		0ECBE7FA1F966CBB00E9908F /* Main.storyboard in Resources */ = {isa = PBXBuildFile; fileRef = 0ECBE7F81F966CBB00E9908F /* Main.storyboard */; };
		0ECBE7FC1F966CBB00E9908F /* Assets.xcassets in Resources */ = {isa = PBXBuildFile; fileRef = 0ECBE7FB1F966CBB00E9908F /* Assets.xcassets */; };
		0ECBE7FF1F966CBB00E9908F /* LaunchScreen.storyboard in Resources */ = {isa = PBXBuildFile; fileRef = 0ECBE7FD1F966CBB00E9908F /* LaunchScreen.storyboard */; };
		0ECBE80A1F966CBB00E9908F /* TestAlseaTests.swift in Sources */ = {isa = PBXBuildFile; fileRef = 0ECBE8091F966CBB00E9908F /* TestAlseaTests.swift */; };
		0ECBE8181F966CF700E9908F /* SplashViewController.swift in Sources */ = {isa = PBXBuildFile; fileRef = 0ECBE8171F966CF700E9908F /* SplashViewController.swift */; };
		0ECBE81C1F966DE800E9908F /* StartScreen.storyboard in Resources */ = {isa = PBXBuildFile; fileRef = 0ECBE81B1F966DE800E9908F /* StartScreen.storyboard */; };
		0ECBE81E1F966F9F00E9908F /* ReplaceRootViewControllerSegue.swift in Sources */ = {isa = PBXBuildFile; fileRef = 0ECBE81D1F966F9F00E9908F /* ReplaceRootViewControllerSegue.swift */; };
		0ECBE8201F9675F700E9908F /* PopupController.swift in Sources */ = {isa = PBXBuildFile; fileRef = 0ECBE81F1F9675F700E9908F /* PopupController.swift */; };
		0ECBE8221F96762D00E9908F /* DatePickerViewController.swift in Sources */ = {isa = PBXBuildFile; fileRef = 0ECBE8211F96762D00E9908F /* DatePickerViewController.swift */; };
		55AC4087891109FC53359B31 /* Pods_TestAlsea.framework in Frameworks */ = {isa = PBXBuildFile; fileRef = 05CACA356A5BEA2ADEEAFE79 /* Pods_TestAlsea.framework */; };
		5B9A41B900D379636FE00C88 /* Pods_TestAlsea_TestAlsea.framework in Frameworks */ = {isa = PBXBuildFile; fileRef = EC270FE13C5B85E2F0FA9A9C /* Pods_TestAlsea_TestAlsea.framework */; };
/* End PBXBuildFile section */

/* Begin PBXContainerItemProxy section */
		0ECBE8061F966CBB00E9908F /* PBXContainerItemProxy */ = {
			isa = PBXContainerItemProxy;
			containerPortal = 0ECBE7E91F966CBB00E9908F /* Project object */;
			proxyType = 1;
			remoteGlobalIDString = 0ECBE7F01F966CBB00E9908F;
			remoteInfo = TestAlsea;
		};
/* End PBXContainerItemProxy section */

/* Begin PBXFileReference section */
		05CACA356A5BEA2ADEEAFE79 /* Pods_TestAlsea.framework */ = {isa = PBXFileReference; explicitFileType = wrapper.framework; includeInIndex = 0; path = Pods_TestAlsea.framework; sourceTree = BUILT_PRODUCTS_DIR; };
		0E25411E1F967EBA005A3E70 /* Colors.swift */ = {isa = PBXFileReference; lastKnownFileType = sourcecode.swift; path = Colors.swift; sourceTree = "<group>"; };
		0E25411F1F967EBA005A3E70 /* Fonts.swift */ = {isa = PBXFileReference; lastKnownFileType = sourcecode.swift; path = Fonts.swift; sourceTree = "<group>"; };
		0E2541201F967EBA005A3E70 /* Sizes.swift */ = {isa = PBXFileReference; lastKnownFileType = sourcecode.swift; path = Sizes.swift; sourceTree = "<group>"; };
		0E2541221F967EBA005A3E70 /* ButtonStyleSheet.swift */ = {isa = PBXFileReference; lastKnownFileType = sourcecode.swift; path = ButtonStyleSheet.swift; sourceTree = "<group>"; };
		0E2541231F967EBA005A3E70 /* DefaultButton.swift */ = {isa = PBXFileReference; lastKnownFileType = sourcecode.swift; path = DefaultButton.swift; sourceTree = "<group>"; };
		0E2541251F967EBA005A3E70 /* RatingComponentStyleSheet.swift */ = {isa = PBXFileReference; lastKnownFileType = sourcecode.swift; path = RatingComponentStyleSheet.swift; sourceTree = "<group>"; };
		0E2541261F967EBA005A3E70 /* Styles.swift */ = {isa = PBXFileReference; lastKnownFileType = sourcecode.swift; path = Styles.swift; sourceTree = "<group>"; };
		0E2541281F967EBA005A3E70 /* FloatLabelStyleSheet.swift */ = {isa = PBXFileReference; lastKnownFileType = sourcecode.swift; path = FloatLabelStyleSheet.swift; sourceTree = "<group>"; };
		0E2541291F967EBA005A3E70 /* Typography.swift */ = {isa = PBXFileReference; lastKnownFileType = sourcecode.swift; path = Typography.swift; sourceTree = "<group>"; };
		0E25412B1F967EBA005A3E70 /* Heading.swift */ = {isa = PBXFileReference; lastKnownFileType = sourcecode.swift; path = Heading.swift; sourceTree = "<group>"; };
		0E25412C1F967EBA005A3E70 /* RoundRect.swift */ = {isa = PBXFileReference; lastKnownFileType = sourcecode.swift; path = RoundRect.swift; sourceTree = "<group>"; };
		0E25412D1F967EBA005A3E70 /* ShadowViewStyleSheet.swift */ = {isa = PBXFileReference; lastKnownFileType = sourcecode.swift; path = ShadowViewStyleSheet.swift; sourceTree = "<group>"; };
		0E25412E1F967EBA005A3E70 /* Stylable.swift */ = {isa = PBXFileReference; lastKnownFileType = sourcecode.swift; path = Stylable.swift; sourceTree = "<group>"; };
		0E25412F1F967EBA005A3E70 /* StylableImageView.swift */ = {isa = PBXFileReference; lastKnownFileType = sourcecode.swift; path = StylableImageView.swift; sourceTree = "<group>"; };
		0E2541301F967EBA005A3E70 /* StylableShadowView.swift */ = {isa = PBXFileReference; lastKnownFileType = sourcecode.swift; path = StylableShadowView.swift; sourceTree = "<group>"; };
		0E2541311F967EBA005A3E70 /* StylableTextField.swift */ = {isa = PBXFileReference; lastKnownFileType = sourcecode.swift; path = StylableTextField.swift; sourceTree = "<group>"; };
		0E2541321F967EBA005A3E70 /* StylableTextView.swift */ = {isa = PBXFileReference; lastKnownFileType = sourcecode.swift; path = StylableTextView.swift; sourceTree = "<group>"; };
		0E2541331F967EBA005A3E70 /* StylableView.swift */ = {isa = PBXFileReference; lastKnownFileType = sourcecode.swift; path = StylableView.swift; sourceTree = "<group>"; };
		0E2541351F967EBA005A3E70 /* CardBounceTransition.swift */ = {isa = PBXFileReference; lastKnownFileType = sourcecode.swift; path = CardBounceTransition.swift; sourceTree = "<group>"; };
		0E2541361F967EBA005A3E70 /* ViewStyleSheet.swift */ = {isa = PBXFileReference; lastKnownFileType = sourcecode.swift; path = ViewStyleSheet.swift; sourceTree = "<group>"; };
		0E25414C1F967F34005A3E70 /* SimpleStylableButton.swift */ = {isa = PBXFileReference; lastKnownFileType = sourcecode.swift; path = SimpleStylableButton.swift; sourceTree = "<group>"; };
		0E25414F1F967F64005A3E70 /* RatingComponent.swift */ = {isa = PBXFileReference; lastKnownFileType = sourcecode.swift; path = RatingComponent.swift; sourceTree = "<group>"; };
		0E2541501F967F64005A3E70 /* RatingComponent.xib */ = {isa = PBXFileReference; lastKnownFileType = file.xib; path = RatingComponent.xib; sourceTree = "<group>"; };
		0E2541541F968BD0005A3E70 /* ConstantsApp.swift */ = {isa = PBXFileReference; lastKnownFileType = sourcecode.swift; path = ConstantsApp.swift; sourceTree = "<group>"; };
		0E2541571F968C3E005A3E70 /* ResponseModel.swift */ = {isa = PBXFileReference; lastKnownFileType = sourcecode.swift; path = ResponseModel.swift; sourceTree = "<group>"; };
		0E2541591F96901F005A3E70 /* EarthquakeResponseModel.swift */ = {isa = PBXFileReference; lastKnownFileType = sourcecode.swift; path = EarthquakeResponseModel.swift; sourceTree = "<group>"; };
		0E25415C1F969710005A3E70 /* CollectionItemModel.swift */ = {isa = PBXFileReference; lastKnownFileType = sourcecode.swift; path = CollectionItemModel.swift; sourceTree = "<group>"; };
		0E25415D1F969710005A3E70 /* CollectionModel.swift */ = {isa = PBXFileReference; lastKnownFileType = sourcecode.swift; path = CollectionModel.swift; sourceTree = "<group>"; };
		0E25415E1F969710005A3E70 /* CollectionSectionModel.swift */ = {isa = PBXFileReference; lastKnownFileType = sourcecode.swift; path = CollectionSectionModel.swift; sourceTree = "<group>"; };
		0E25415F1F969710005A3E70 /* ModCollectionViewCell.swift */ = {isa = PBXFileReference; lastKnownFileType = sourcecode.swift; path = ModCollectionViewCell.swift; sourceTree = "<group>"; };
		0E2541601F969710005A3E70 /* ModCollectionViewReusableView.swift */ = {isa = PBXFileReference; lastKnownFileType = sourcecode.swift; path = ModCollectionViewReusableView.swift; sourceTree = "<group>"; };
		0E2541611F969710005A3E70 /* ModGenericCollectionViewDataSource.swift */ = {isa = PBXFileReference; lastKnownFileType = sourcecode.swift; path = ModGenericCollectionViewDataSource.swift; sourceTree = "<group>"; };
		0E2541621F969710005A3E70 /* ModTableViewCell.swift */ = {isa = PBXFileReference; lastKnownFileType = sourcecode.swift; path = ModTableViewCell.swift; sourceTree = "<group>"; };
		0E2541631F969710005A3E70 /* ModTableViewHeaderFooter.swift */ = {isa = PBXFileReference; lastKnownFileType = sourcecode.swift; path = ModTableViewHeaderFooter.swift; sourceTree = "<group>"; };
		0E25416C1F969748005A3E70 /* FeedListViewController.swift */ = {isa = PBXFileReference; lastKnownFileType = sourcecode.swift; path = FeedListViewController.swift; sourceTree = "<group>"; };
		0E25416E1F96996B005A3E70 /* FeedListView.swift */ = {isa = PBXFileReference; lastKnownFileType = sourcecode.swift; path = FeedListView.swift; sourceTree = "<group>"; };
		0E2541701F9699C0005A3E70 /* FeedListView.xib */ = {isa = PBXFileReference; lastKnownFileType = file.xib; path = FeedListView.xib; sourceTree = "<group>"; };
		0E2541721F96A337005A3E70 /* BaseViewController.swift */ = {isa = PBXFileReference; lastKnownFileType = sourcecode.swift; path = BaseViewController.swift; sourceTree = "<group>"; };
		0E2541741F96AA5F005A3E70 /* DetailViewController.swift */ = {isa = PBXFileReference; lastKnownFileType = sourcecode.swift; path = DetailViewController.swift; sourceTree = "<group>"; };
		0ECBE7F11F966CBB00E9908F /* TestAlsea.app */ = {isa = PBXFileReference; explicitFileType = wrapper.application; includeInIndex = 0; path = TestAlsea.app; sourceTree = BUILT_PRODUCTS_DIR; };
		0ECBE7F41F966CBB00E9908F /* AppDelegate.swift */ = {isa = PBXFileReference; lastKnownFileType = sourcecode.swift; path = AppDelegate.swift; sourceTree = "<group>"; };
		0ECBE7F61F966CBB00E9908F /* ViewController.swift */ = {isa = PBXFileReference; lastKnownFileType = sourcecode.swift; path = ViewController.swift; sourceTree = "<group>"; };
		0ECBE7F91F966CBB00E9908F /* Base */ = {isa = PBXFileReference; lastKnownFileType = file.storyboard; name = Base; path = Base.lproj/Main.storyboard; sourceTree = "<group>"; };
		0ECBE7FB1F966CBB00E9908F /* Assets.xcassets */ = {isa = PBXFileReference; lastKnownFileType = folder.assetcatalog; path = Assets.xcassets; sourceTree = "<group>"; };
		0ECBE7FE1F966CBB00E9908F /* Base */ = {isa = PBXFileReference; lastKnownFileType = file.storyboard; name = Base; path = Base.lproj/LaunchScreen.storyboard; sourceTree = "<group>"; };
		0ECBE8001F966CBB00E9908F /* Info.plist */ = {isa = PBXFileReference; lastKnownFileType = text.plist.xml; path = Info.plist; sourceTree = "<group>"; };
		0ECBE8051F966CBB00E9908F /* TestAlseaTests.xctest */ = {isa = PBXFileReference; explicitFileType = wrapper.cfbundle; includeInIndex = 0; path = TestAlseaTests.xctest; sourceTree = BUILT_PRODUCTS_DIR; };
		0ECBE8091F966CBB00E9908F /* TestAlseaTests.swift */ = {isa = PBXFileReference; lastKnownFileType = sourcecode.swift; path = TestAlseaTests.swift; sourceTree = "<group>"; };
		0ECBE80B1F966CBB00E9908F /* Info.plist */ = {isa = PBXFileReference; lastKnownFileType = text.plist.xml; path = Info.plist; sourceTree = "<group>"; };
		0ECBE8171F966CF700E9908F /* SplashViewController.swift */ = {isa = PBXFileReference; lastKnownFileType = sourcecode.swift; path = SplashViewController.swift; sourceTree = "<group>"; };
		0ECBE81B1F966DE800E9908F /* StartScreen.storyboard */ = {isa = PBXFileReference; lastKnownFileType = file.storyboard; path = StartScreen.storyboard; sourceTree = "<group>"; };
		0ECBE81D1F966F9F00E9908F /* ReplaceRootViewControllerSegue.swift */ = {isa = PBXFileReference; lastKnownFileType = sourcecode.swift; path = ReplaceRootViewControllerSegue.swift; sourceTree = "<group>"; };
		0ECBE81F1F9675F700E9908F /* PopupController.swift */ = {isa = PBXFileReference; lastKnownFileType = sourcecode.swift; path = PopupController.swift; sourceTree = "<group>"; };
		0ECBE8211F96762D00E9908F /* DatePickerViewController.swift */ = {isa = PBXFileReference; lastKnownFileType = sourcecode.swift; path = DatePickerViewController.swift; sourceTree = "<group>"; };
		0ECBE8261F9676B800E9908F /* ModAccessoryViewHeader.xib */ = {isa = PBXFileReference; lastKnownFileType = file.xib; name = ModAccessoryViewHeader.xib; path = TestAlsea/Views/ModAccessoryViewHeader.xib; sourceTree = SOURCE_ROOT; };
		0ECBE8271F9676B800E9908F /* ModAccessoryViewHeader.swift */ = {isa = PBXFileReference; lastKnownFileType = sourcecode.swift; name = ModAccessoryViewHeader.swift; path = TestAlsea/Views/ModAccessoryViewHeader.swift; sourceTree = SOURCE_ROOT; };
		7DCDA7E1C07C751A35EFBD25 /* Pods_TestAlsea_TestAlseaTests.framework */ = {isa = PBXFileReference; explicitFileType = wrapper.framework; includeInIndex = 0; path = Pods_TestAlsea_TestAlseaTests.framework; sourceTree = BUILT_PRODUCTS_DIR; };
		7E1B9961D1A4A7B5E42E9612 /* Pods-TestAlsea.debug.xcconfig */ = {isa = PBXFileReference; includeInIndex = 1; lastKnownFileType = text.xcconfig; name = "Pods-TestAlsea.debug.xcconfig"; path = "Pods/Target Support Files/Pods-TestAlsea/Pods-TestAlsea.debug.xcconfig"; sourceTree = "<group>"; };
		BB13AC2E89CBFC40573A8EDE /* Pods-TestAlsea.release.xcconfig */ = {isa = PBXFileReference; includeInIndex = 1; lastKnownFileType = text.xcconfig; name = "Pods-TestAlsea.release.xcconfig"; path = "Pods/Target Support Files/Pods-TestAlsea/Pods-TestAlsea.release.xcconfig"; sourceTree = "<group>"; };
		C22F66D55C59921E275D553C /* Pods-TestAlsea-TestAlsea.debug.xcconfig */ = {isa = PBXFileReference; includeInIndex = 1; lastKnownFileType = text.xcconfig; name = "Pods-TestAlsea-TestAlsea.debug.xcconfig"; path = "Pods/Target Support Files/Pods-TestAlsea-TestAlsea/Pods-TestAlsea-TestAlsea.debug.xcconfig"; sourceTree = "<group>"; };
		EC270FE13C5B85E2F0FA9A9C /* Pods_TestAlsea_TestAlsea.framework */ = {isa = PBXFileReference; explicitFileType = wrapper.framework; includeInIndex = 0; path = Pods_TestAlsea_TestAlsea.framework; sourceTree = BUILT_PRODUCTS_DIR; };
		FD7AD85ABE5219A046C922E3 /* Pods-TestAlsea-TestAlsea.release.xcconfig */ = {isa = PBXFileReference; includeInIndex = 1; lastKnownFileType = text.xcconfig; name = "Pods-TestAlsea-TestAlsea.release.xcconfig"; path = "Pods/Target Support Files/Pods-TestAlsea-TestAlsea/Pods-TestAlsea-TestAlsea.release.xcconfig"; sourceTree = "<group>"; };
/* End PBXFileReference section */

/* Begin PBXFrameworksBuildPhase section */
		0ECBE7EE1F966CBB00E9908F /* Frameworks */ = {
			isa = PBXFrameworksBuildPhase;
			buildActionMask = 2147483647;
			files = (
				55AC4087891109FC53359B31 /* Pods_TestAlsea.framework in Frameworks */,
				5B9A41B900D379636FE00C88 /* Pods_TestAlsea_TestAlsea.framework in Frameworks */,
			);
			runOnlyForDeploymentPostprocessing = 0;
		};
		0ECBE8021F966CBB00E9908F /* Frameworks */ = {
			isa = PBXFrameworksBuildPhase;
			buildActionMask = 2147483647;
			files = (
			);
			runOnlyForDeploymentPostprocessing = 0;
		};
/* End PBXFrameworksBuildPhase section */

/* Begin PBXGroup section */
		0E25411C1F967EBA005A3E70 /* Style */ = {
			isa = PBXGroup;
			children = (
				0E25411D1F967EBA005A3E70 /* Basic */,
				0E2541211F967EBA005A3E70 /* Button */,
				0E2541241F967EBA005A3E70 /* Components */,
				0E2541261F967EBA005A3E70 /* Styles.swift */,
				0E2541271F967EBA005A3E70 /* Typography */,
				0E25412A1F967EBA005A3E70 /* View */,
			);
			path = Style;
			sourceTree = "<group>";
		};
		0E25411D1F967EBA005A3E70 /* Basic */ = {
			isa = PBXGroup;
			children = (
				0E25411E1F967EBA005A3E70 /* Colors.swift */,
				0E25411F1F967EBA005A3E70 /* Fonts.swift */,
				0E2541201F967EBA005A3E70 /* Sizes.swift */,
			);
			path = Basic;
			sourceTree = "<group>";
		};
		0E2541211F967EBA005A3E70 /* Button */ = {
			isa = PBXGroup;
			children = (
				0E2541221F967EBA005A3E70 /* ButtonStyleSheet.swift */,
				0E2541231F967EBA005A3E70 /* DefaultButton.swift */,
			);
			path = Button;
			sourceTree = "<group>";
		};
		0E2541241F967EBA005A3E70 /* Components */ = {
			isa = PBXGroup;
			children = (
				0E2541251F967EBA005A3E70 /* RatingComponentStyleSheet.swift */,
			);
			path = Components;
			sourceTree = "<group>";
		};
		0E2541271F967EBA005A3E70 /* Typography */ = {
			isa = PBXGroup;
			children = (
				0E2541281F967EBA005A3E70 /* FloatLabelStyleSheet.swift */,
				0E2541291F967EBA005A3E70 /* Typography.swift */,
			);
			path = Typography;
			sourceTree = "<group>";
		};
		0E25412A1F967EBA005A3E70 /* View */ = {
			isa = PBXGroup;
			children = (
				0E25412B1F967EBA005A3E70 /* Heading.swift */,
				0E25412C1F967EBA005A3E70 /* RoundRect.swift */,
				0E25412D1F967EBA005A3E70 /* ShadowViewStyleSheet.swift */,
				0E25412E1F967EBA005A3E70 /* Stylable.swift */,
				0E25412F1F967EBA005A3E70 /* StylableImageView.swift */,
				0E2541301F967EBA005A3E70 /* StylableShadowView.swift */,
				0E2541311F967EBA005A3E70 /* StylableTextField.swift */,
				0E2541321F967EBA005A3E70 /* StylableTextView.swift */,
				0E25414C1F967F34005A3E70 /* SimpleStylableButton.swift */,
				0E2541331F967EBA005A3E70 /* StylableView.swift */,
				0E2541341F967EBA005A3E70 /* Transitions */,
				0E2541361F967EBA005A3E70 /* ViewStyleSheet.swift */,
			);
			path = View;
			sourceTree = "<group>";
		};
		0E2541341F967EBA005A3E70 /* Transitions */ = {
			isa = PBXGroup;
			children = (
				0E2541351F967EBA005A3E70 /* CardBounceTransition.swift */,
			);
			path = Transitions;
			sourceTree = "<group>";
		};
		0E25414E1F967F64005A3E70 /* Rating */ = {
			isa = PBXGroup;
			children = (
				0E25414F1F967F64005A3E70 /* RatingComponent.swift */,
				0E2541501F967F64005A3E70 /* RatingComponent.xib */,
			);
			path = Rating;
			sourceTree = "<group>";
		};
		0E2541561F968C15005A3E70 /* Models */ = {
			isa = PBXGroup;
			children = (
				0E2541571F968C3E005A3E70 /* ResponseModel.swift */,
				0E2541591F96901F005A3E70 /* EarthquakeResponseModel.swift */,
			);
			path = Models;
			sourceTree = "<group>";
		};
		0E25415B1F969710005A3E70 /* CollectionViewDatasource */ = {
			isa = PBXGroup;
			children = (
				0E25415C1F969710005A3E70 /* CollectionItemModel.swift */,
				0E25415D1F969710005A3E70 /* CollectionModel.swift */,
				0E25415E1F969710005A3E70 /* CollectionSectionModel.swift */,
				0E25415F1F969710005A3E70 /* ModCollectionViewCell.swift */,
				0E2541601F969710005A3E70 /* ModCollectionViewReusableView.swift */,
				0E2541611F969710005A3E70 /* ModGenericCollectionViewDataSource.swift */,
				0E2541621F969710005A3E70 /* ModTableViewCell.swift */,
				0E2541631F969710005A3E70 /* ModTableViewHeaderFooter.swift */,
			);
			path = CollectionViewDatasource;
			sourceTree = "<group>";
		};
		0ECBE7E81F966CBB00E9908F = {
			isa = PBXGroup;
			children = (
				0ECBE7F31F966CBB00E9908F /* TestAlsea */,
				0ECBE8081F966CBB00E9908F /* TestAlseaTests */,
				0ECBE7F21F966CBB00E9908F /* Products */,
				F75CEFDD95231794723DEE80 /* Pods */,
				9A66B9F016E4E293DDBD8DE9 /* Frameworks */,
			);
			sourceTree = "<group>";
		};
		0ECBE7F21F966CBB00E9908F /* Products */ = {
			isa = PBXGroup;
			children = (
				0ECBE7F11F966CBB00E9908F /* TestAlsea.app */,
				0ECBE8051F966CBB00E9908F /* TestAlseaTests.xctest */,
			);
			name = Products;
			sourceTree = "<group>";
		};
		0ECBE7F31F966CBB00E9908F /* TestAlsea */ = {
			isa = PBXGroup;
			children = (
				0E25411C1F967EBA005A3E70 /* Style */,
				0ECBE8251F9676AE00E9908F /* Views */,
				0ECBE81A1F966DCE00E9908F /* StoryBoard */,
				0ECBE8161F966CE300E9908F /* Controllers */,
				0ECBE8141F966CC200E9908F /* Utils */,
				0E2541561F968C15005A3E70 /* Models */,
				0ECBE7F41F966CBB00E9908F /* AppDelegate.swift */,
				0ECBE7FB1F966CBB00E9908F /* Assets.xcassets */,
				0ECBE7FD1F966CBB00E9908F /* LaunchScreen.storyboard */,
				0ECBE8001F966CBB00E9908F /* Info.plist */,
			);
			path = TestAlsea;
			sourceTree = "<group>";
		};
		0ECBE8081F966CBB00E9908F /* TestAlseaTests */ = {
			isa = PBXGroup;
			children = (
				0ECBE8091F966CBB00E9908F /* TestAlseaTests.swift */,
				0ECBE80B1F966CBB00E9908F /* Info.plist */,
			);
			path = TestAlseaTests;
			sourceTree = "<group>";
		};
		0ECBE8141F966CC200E9908F /* Utils */ = {
			isa = PBXGroup;
			children = (
				0E25415B1F969710005A3E70 /* CollectionViewDatasource */,
				0E25414E1F967F64005A3E70 /* Rating */,
				0ECBE81F1F9675F700E9908F /* PopupController.swift */,
				0ECBE8151F966CCA00E9908F /* CollectionView */,
				0ECBE81D1F966F9F00E9908F /* ReplaceRootViewControllerSegue.swift */,
				0E2541541F968BD0005A3E70 /* ConstantsApp.swift */,
			);
			path = Utils;
			sourceTree = "<group>";
		};
		0ECBE8151F966CCA00E9908F /* CollectionView */ = {
			isa = PBXGroup;
			children = (
			);
			path = CollectionView;
			sourceTree = "<group>";
		};
		0ECBE8161F966CE300E9908F /* Controllers */ = {
			isa = PBXGroup;
			children = (
				0ECBE7F61F966CBB00E9908F /* ViewController.swift */,
				0ECBE8171F966CF700E9908F /* SplashViewController.swift */,
				0ECBE8211F96762D00E9908F /* DatePickerViewController.swift */,
				0E25416C1F969748005A3E70 /* FeedListViewController.swift */,
				0E2541741F96AA5F005A3E70 /* DetailViewController.swift */,
				0E2541721F96A337005A3E70 /* BaseViewController.swift */,
			);
			path = Controllers;
			sourceTree = "<group>";
		};
		0ECBE81A1F966DCE00E9908F /* StoryBoard */ = {
			isa = PBXGroup;
			children = (
				0ECBE81B1F966DE800E9908F /* StartScreen.storyboard */,
				0ECBE7F81F966CBB00E9908F /* Main.storyboard */,
			);
			path = StoryBoard;
			sourceTree = "<group>";
		};
		0ECBE8251F9676AE00E9908F /* Views */ = {
			isa = PBXGroup;
			children = (
				0ECBE8271F9676B800E9908F /* ModAccessoryViewHeader.swift */,
				0ECBE8261F9676B800E9908F /* ModAccessoryViewHeader.xib */,
				0E25416E1F96996B005A3E70 /* FeedListView.swift */,
				0E2541701F9699C0005A3E70 /* FeedListView.xib */,
			);
			path = Views;
			sourceTree = "<group>";
		};
		9A66B9F016E4E293DDBD8DE9 /* Frameworks */ = {
			isa = PBXGroup;
			children = (
				05CACA356A5BEA2ADEEAFE79 /* Pods_TestAlsea.framework */,
				7DCDA7E1C07C751A35EFBD25 /* Pods_TestAlsea_TestAlseaTests.framework */,
				EC270FE13C5B85E2F0FA9A9C /* Pods_TestAlsea_TestAlsea.framework */,
			);
			name = Frameworks;
			sourceTree = "<group>";
		};
		F75CEFDD95231794723DEE80 /* Pods */ = {
			isa = PBXGroup;
			children = (
				7E1B9961D1A4A7B5E42E9612 /* Pods-TestAlsea.debug.xcconfig */,
				BB13AC2E89CBFC40573A8EDE /* Pods-TestAlsea.release.xcconfig */,
				C22F66D55C59921E275D553C /* Pods-TestAlsea-TestAlsea.debug.xcconfig */,
				FD7AD85ABE5219A046C922E3 /* Pods-TestAlsea-TestAlsea.release.xcconfig */,
			);
			name = Pods;
			sourceTree = "<group>";
		};
/* End PBXGroup section */

/* Begin PBXNativeTarget section */
		0ECBE7F01F966CBB00E9908F /* TestAlsea */ = {
			isa = PBXNativeTarget;
			buildConfigurationList = 0ECBE80E1F966CBB00E9908F /* Build configuration list for PBXNativeTarget "TestAlsea" */;
			buildPhases = (
				17B164FE0734C4DFEDAC7045 /* [CP] Check Pods Manifest.lock */,
				0ECBE7ED1F966CBB00E9908F /* Sources */,
				0ECBE7EE1F966CBB00E9908F /* Frameworks */,
				0ECBE7EF1F966CBB00E9908F /* Resources */,
				3BDEB1CC234D179E995B0E35 /* [CP] Embed Pods Frameworks */,
				E0E3B4506294AA020606C296 /* [CP] Copy Pods Resources */,
			);
			buildRules = (
			);
			dependencies = (
			);
			name = TestAlsea;
			productName = TestAlsea;
			productReference = 0ECBE7F11F966CBB00E9908F /* TestAlsea.app */;
			productType = "com.apple.product-type.application";
		};
		0ECBE8041F966CBB00E9908F /* TestAlseaTests */ = {
			isa = PBXNativeTarget;
			buildConfigurationList = 0ECBE8111F966CBB00E9908F /* Build configuration list for PBXNativeTarget "TestAlseaTests" */;
			buildPhases = (
				0ECBE8011F966CBB00E9908F /* Sources */,
				0ECBE8021F966CBB00E9908F /* Frameworks */,
				0ECBE8031F966CBB00E9908F /* Resources */,
			);
			buildRules = (
			);
			dependencies = (
				0ECBE8071F966CBB00E9908F /* PBXTargetDependency */,
			);
			name = TestAlseaTests;
			productName = TestAlseaTests;
			productReference = 0ECBE8051F966CBB00E9908F /* TestAlseaTests.xctest */;
			productType = "com.apple.product-type.bundle.unit-test";
		};
/* End PBXNativeTarget section */

/* Begin PBXProject section */
		0ECBE7E91F966CBB00E9908F /* Project object */ = {
			isa = PBXProject;
			attributes = {
				LastSwiftUpdateCheck = 0900;
				LastUpgradeCheck = 0900;
				ORGANIZATIONNAME = com.MauJimenez;
				TargetAttributes = {
					0ECBE7F01F966CBB00E9908F = {
						CreatedOnToolsVersion = 9.0;
						DevelopmentTeam = 8RXY79HN34;
						ProvisioningStyle = Automatic;
					};
					0ECBE8041F966CBB00E9908F = {
						CreatedOnToolsVersion = 9.0;
						DevelopmentTeam = 8RXY79HN34;
						ProvisioningStyle = Automatic;
						TestTargetID = 0ECBE7F01F966CBB00E9908F;
					};
				};
			};
			buildConfigurationList = 0ECBE7EC1F966CBB00E9908F /* Build configuration list for PBXProject "TestAlsea" */;
			compatibilityVersion = "Xcode 3.2";
			developmentRegion = en;
			hasScannedForEncodings = 0;
			knownRegions = (
				en,
				Base,
			);
			mainGroup = 0ECBE7E81F966CBB00E9908F;
			productRefGroup = 0ECBE7F21F966CBB00E9908F /* Products */;
			projectDirPath = "";
			projectRoot = "";
			targets = (
				0ECBE7F01F966CBB00E9908F /* TestAlsea */,
				0ECBE8041F966CBB00E9908F /* TestAlseaTests */,
			);
		};
/* End PBXProject section */

/* Begin PBXResourcesBuildPhase section */
		0ECBE7EF1F966CBB00E9908F /* Resources */ = {
			isa = PBXResourcesBuildPhase;
			buildActionMask = 2147483647;
			files = (
				0ECBE7FF1F966CBB00E9908F /* LaunchScreen.storyboard in Resources */,
				0E2541711F9699C0005A3E70 /* FeedListView.xib in Resources */,
				0ECBE7FC1F966CBB00E9908F /* Assets.xcassets in Resources */,
				0E25411B1F967E91005A3E70 /* ModAccessoryViewHeader.xib in Resources */,
				0ECBE7FA1F966CBB00E9908F /* Main.storyboard in Resources */,
				0E2541521F967F6F005A3E70 /* RatingComponent.xib in Resources */,
				0ECBE81C1F966DE800E9908F /* StartScreen.storyboard in Resources */,
			);
			runOnlyForDeploymentPostprocessing = 0;
		};
		0ECBE8031F966CBB00E9908F /* Resources */ = {
			isa = PBXResourcesBuildPhase;
			buildActionMask = 2147483647;
			files = (
			);
			runOnlyForDeploymentPostprocessing = 0;
		};
/* End PBXResourcesBuildPhase section */

/* Begin PBXShellScriptBuildPhase section */
		17B164FE0734C4DFEDAC7045 /* [CP] Check Pods Manifest.lock */ = {
			isa = PBXShellScriptBuildPhase;
			buildActionMask = 2147483647;
			files = (
			);
			inputPaths = (
			);
			name = "[CP] Check Pods Manifest.lock";
			outputPaths = (
			);
			runOnlyForDeploymentPostprocessing = 0;
			shellPath = /bin/sh;
			shellScript = "diff \"${PODS_PODFILE_DIR_PATH}/Podfile.lock\" \"${PODS_ROOT}/Manifest.lock\" > /dev/null\nif [ $? != 0 ] ; then\n    # print error to STDERR\n    echo \"error: The sandbox is not in sync with the Podfile.lock. Run 'pod install' or update your CocoaPods installation.\" >&2\n    exit 1\nfi\n";
			showEnvVarsInLog = 0;
		};
		3BDEB1CC234D179E995B0E35 /* [CP] Embed Pods Frameworks */ = {
			isa = PBXShellScriptBuildPhase;
			buildActionMask = 2147483647;
			files = (
			);
			inputPaths = (
			);
			name = "[CP] Embed Pods Frameworks";
			outputPaths = (
			);
			runOnlyForDeploymentPostprocessing = 0;
			shellPath = /bin/sh;
			shellScript = "\"${SRCROOT}/Pods/Target Support Files/Pods-TestAlsea-TestAlsea/Pods-TestAlsea-TestAlsea-frameworks.sh\"\n";
			showEnvVarsInLog = 0;
		};
		E0E3B4506294AA020606C296 /* [CP] Copy Pods Resources */ = {
			isa = PBXShellScriptBuildPhase;
			buildActionMask = 2147483647;
			files = (
			);
			inputPaths = (
			);
			name = "[CP] Copy Pods Resources";
			outputPaths = (
			);
			runOnlyForDeploymentPostprocessing = 0;
			shellPath = /bin/sh;
			shellScript = "\"${SRCROOT}/Pods/Target Support Files/Pods-TestAlsea-TestAlsea/Pods-TestAlsea-TestAlsea-resources.sh\"\n";
			showEnvVarsInLog = 0;
		};
/* End PBXShellScriptBuildPhase section */

/* Begin PBXSourcesBuildPhase section */
		0ECBE7ED1F966CBB00E9908F /* Sources */ = {
			isa = PBXSourcesBuildPhase;
			buildActionMask = 2147483647;
			files = (
				0E2541401F967EDE005A3E70 /* Heading.swift in Sources */,
				0E2541371F967EC9005A3E70 /* Colors.swift in Sources */,
				0E25413B1F967ECE005A3E70 /* DefaultButton.swift in Sources */,
				0E25415A1F96901F005A3E70 /* EarthquakeResponseModel.swift in Sources */,
				0E25416B1F969718005A3E70 /* ModTableViewHeaderFooter.swift in Sources */,
				0E25413F1F967ED8005A3E70 /* Typography.swift in Sources */,
				0ECBE8201F9675F700E9908F /* PopupController.swift in Sources */,
				0E25413C1F967ED1005A3E70 /* RatingComponentStyleSheet.swift in Sources */,
				0E25413E1F967ED8005A3E70 /* FloatLabelStyleSheet.swift in Sources */,
				0E25414D1F967F34005A3E70 /* SimpleStylableButton.swift in Sources */,
				0E2541661F969718005A3E70 /* CollectionSectionModel.swift in Sources */,
				0E2541751F96AA5F005A3E70 /* DetailViewController.swift in Sources */,
				0E25413A1F967ECE005A3E70 /* ButtonStyleSheet.swift in Sources */,
				0E2541411F967EDE005A3E70 /* RoundRect.swift in Sources */,
				0E25413D1F967ED4005A3E70 /* Styles.swift in Sources */,
				0E2541671F969718005A3E70 /* ModCollectionViewCell.swift in Sources */,
				0E2541731F96A337005A3E70 /* BaseViewController.swift in Sources */,
				0E2541461F967EDE005A3E70 /* StylableTextField.swift in Sources */,
				0E25414A1F967EE4005A3E70 /* ViewStyleSheet.swift in Sources */,
				0ECBE8181F966CF700E9908F /* SplashViewController.swift in Sources */,
				0E25416F1F96996B005A3E70 /* FeedListView.swift in Sources */,
				0E2541431F967EDE005A3E70 /* Stylable.swift in Sources */,
				0E2541581F968C3E005A3E70 /* ResponseModel.swift in Sources */,
				0E2541491F967EE1005A3E70 /* CardBounceTransition.swift in Sources */,
				0E2541641F969718005A3E70 /* CollectionItemModel.swift in Sources */,
				0ECBE8221F96762D00E9908F /* DatePickerViewController.swift in Sources */,
				0E2541471F967EDE005A3E70 /* StylableTextView.swift in Sources */,
				0ECBE7F71F966CBB00E9908F /* ViewController.swift in Sources */,
				0E2541381F967EC9005A3E70 /* Fonts.swift in Sources */,
				0E25416A1F969718005A3E70 /* ModTableViewCell.swift in Sources */,
				0ECBE7F51F966CBB00E9908F /* AppDelegate.swift in Sources */,
				0E2541421F967EDE005A3E70 /* ShadowViewStyleSheet.swift in Sources */,
				0ECBE81E1F966F9F00E9908F /* ReplaceRootViewControllerSegue.swift in Sources */,
				0E2541391F967EC9005A3E70 /* Sizes.swift in Sources */,
				0E2541441F967EDE005A3E70 /* StylableImageView.swift in Sources */,
				0E2541551F968BD0005A3E70 /* ConstantsApp.swift in Sources */,
				0E2541451F967EDE005A3E70 /* StylableShadowView.swift in Sources */,
				0E2541511F967F6F005A3E70 /* RatingComponent.swift in Sources */,
				0E2541481F967EDE005A3E70 /* StylableView.swift in Sources */,
				0E25416D1F969748005A3E70 /* FeedListViewController.swift in Sources */,
				0E2541691F969718005A3E70 /* ModGenericCollectionViewDataSource.swift in Sources */,
				0E25411A1F967E91005A3E70 /* ModAccessoryViewHeader.swift in Sources */,
				0E2541651F969718005A3E70 /* CollectionModel.swift in Sources */,
				0E2541681F969718005A3E70 /* ModCollectionViewReusableView.swift in Sources */,
			);
			runOnlyForDeploymentPostprocessing = 0;
		};
		0ECBE8011F966CBB00E9908F /* Sources */ = {
			isa = PBXSourcesBuildPhase;
			buildActionMask = 2147483647;
			files = (
				0ECBE80A1F966CBB00E9908F /* TestAlseaTests.swift in Sources */,
			);
			runOnlyForDeploymentPostprocessing = 0;
		};
/* End PBXSourcesBuildPhase section */

/* Begin PBXTargetDependency section */
		0ECBE8071F966CBB00E9908F /* PBXTargetDependency */ = {
			isa = PBXTargetDependency;
			target = 0ECBE7F01F966CBB00E9908F /* TestAlsea */;
			targetProxy = 0ECBE8061F966CBB00E9908F /* PBXContainerItemProxy */;
		};
/* End PBXTargetDependency section */

/* Begin PBXVariantGroup section */
		0ECBE7F81F966CBB00E9908F /* Main.storyboard */ = {
			isa = PBXVariantGroup;
			children = (
				0ECBE7F91F966CBB00E9908F /* Base */,
			);
			name = Main.storyboard;
			sourceTree = "<group>";
		};
		0ECBE7FD1F966CBB00E9908F /* LaunchScreen.storyboard */ = {
			isa = PBXVariantGroup;
			children = (
				0ECBE7FE1F966CBB00E9908F /* Base */,
			);
			name = LaunchScreen.storyboard;
			sourceTree = "<group>";
		};
/* End PBXVariantGroup section */

/* Begin XCBuildConfiguration section */
		0ECBE80C1F966CBB00E9908F /* Debug */ = {
			isa = XCBuildConfiguration;
			buildSettings = {
				ALWAYS_SEARCH_USER_PATHS = NO;
				CLANG_ANALYZER_NONNULL = YES;
				CLANG_ANALYZER_NUMBER_OBJECT_CONVERSION = YES_AGGRESSIVE;
				CLANG_CXX_LANGUAGE_STANDARD = "gnu++14";
				CLANG_CXX_LIBRARY = "libc++";
				CLANG_ENABLE_MODULES = YES;
				CLANG_ENABLE_OBJC_ARC = YES;
				CLANG_WARN_BLOCK_CAPTURE_AUTORELEASING = YES;
				CLANG_WARN_BOOL_CONVERSION = YES;
				CLANG_WARN_COMMA = YES;
				CLANG_WARN_CONSTANT_CONVERSION = YES;
				CLANG_WARN_DIRECT_OBJC_ISA_USAGE = YES_ERROR;
				CLANG_WARN_DOCUMENTATION_COMMENTS = YES;
				CLANG_WARN_EMPTY_BODY = YES;
				CLANG_WARN_ENUM_CONVERSION = YES;
				CLANG_WARN_INFINITE_RECURSION = YES;
				CLANG_WARN_INT_CONVERSION = YES;
				CLANG_WARN_NON_LITERAL_NULL_CONVERSION = YES;
				CLANG_WARN_OBJC_LITERAL_CONVERSION = YES;
				CLANG_WARN_OBJC_ROOT_CLASS = YES_ERROR;
				CLANG_WARN_RANGE_LOOP_ANALYSIS = YES;
				CLANG_WARN_STRICT_PROTOTYPES = YES;
				CLANG_WARN_SUSPICIOUS_MOVE = YES;
				CLANG_WARN_UNGUARDED_AVAILABILITY = YES_AGGRESSIVE;
				CLANG_WARN_UNREACHABLE_CODE = YES;
				CLANG_WARN__DUPLICATE_METHOD_MATCH = YES;
				CODE_SIGN_IDENTITY = "iPhone Developer";
				COPY_PHASE_STRIP = NO;
				DEBUG_INFORMATION_FORMAT = dwarf;
				ENABLE_STRICT_OBJC_MSGSEND = YES;
				ENABLE_TESTABILITY = YES;
				GCC_C_LANGUAGE_STANDARD = gnu11;
				GCC_DYNAMIC_NO_PIC = NO;
				GCC_NO_COMMON_BLOCKS = YES;
				GCC_OPTIMIZATION_LEVEL = 0;
				GCC_PREPROCESSOR_DEFINITIONS = (
					"DEBUG=1",
					"$(inherited)",
				);
				GCC_WARN_64_TO_32_BIT_CONVERSION = YES;
				GCC_WARN_ABOUT_RETURN_TYPE = YES_ERROR;
				GCC_WARN_UNDECLARED_SELECTOR = YES;
				GCC_WARN_UNINITIALIZED_AUTOS = YES_AGGRESSIVE;
				GCC_WARN_UNUSED_FUNCTION = YES;
				GCC_WARN_UNUSED_VARIABLE = YES;
				IPHONEOS_DEPLOYMENT_TARGET = 9.0;
				MTL_ENABLE_DEBUG_INFO = YES;
				ONLY_ACTIVE_ARCH = YES;
				SDKROOT = iphoneos;
				SWIFT_ACTIVE_COMPILATION_CONDITIONS = DEBUG;
				SWIFT_OPTIMIZATION_LEVEL = "-Onone";
			};
			name = Debug;
		};
		0ECBE80D1F966CBB00E9908F /* Release */ = {
			isa = XCBuildConfiguration;
			buildSettings = {
				ALWAYS_SEARCH_USER_PATHS = NO;
				CLANG_ANALYZER_NONNULL = YES;
				CLANG_ANALYZER_NUMBER_OBJECT_CONVERSION = YES_AGGRESSIVE;
				CLANG_CXX_LANGUAGE_STANDARD = "gnu++14";
				CLANG_CXX_LIBRARY = "libc++";
				CLANG_ENABLE_MODULES = YES;
				CLANG_ENABLE_OBJC_ARC = YES;
				CLANG_WARN_BLOCK_CAPTURE_AUTORELEASING = YES;
				CLANG_WARN_BOOL_CONVERSION = YES;
				CLANG_WARN_COMMA = YES;
				CLANG_WARN_CONSTANT_CONVERSION = YES;
				CLANG_WARN_DIRECT_OBJC_ISA_USAGE = YES_ERROR;
				CLANG_WARN_DOCUMENTATION_COMMENTS = YES;
				CLANG_WARN_EMPTY_BODY = YES;
				CLANG_WARN_ENUM_CONVERSION = YES;
				CLANG_WARN_INFINITE_RECURSION = YES;
				CLANG_WARN_INT_CONVERSION = YES;
				CLANG_WARN_NON_LITERAL_NULL_CONVERSION = YES;
				CLANG_WARN_OBJC_LITERAL_CONVERSION = YES;
				CLANG_WARN_OBJC_ROOT_CLASS = YES_ERROR;
				CLANG_WARN_RANGE_LOOP_ANALYSIS = YES;
				CLANG_WARN_STRICT_PROTOTYPES = YES;
				CLANG_WARN_SUSPICIOUS_MOVE = YES;
				CLANG_WARN_UNGUARDED_AVAILABILITY = YES_AGGRESSIVE;
				CLANG_WARN_UNREACHABLE_CODE = YES;
				CLANG_WARN__DUPLICATE_METHOD_MATCH = YES;
				CODE_SIGN_IDENTITY = "iPhone Developer";
				COPY_PHASE_STRIP = NO;
				DEBUG_INFORMATION_FORMAT = "dwarf-with-dsym";
				ENABLE_NS_ASSERTIONS = NO;
				ENABLE_STRICT_OBJC_MSGSEND = YES;
				GCC_C_LANGUAGE_STANDARD = gnu11;
				GCC_NO_COMMON_BLOCKS = YES;
				GCC_WARN_64_TO_32_BIT_CONVERSION = YES;
				GCC_WARN_ABOUT_RETURN_TYPE = YES_ERROR;
				GCC_WARN_UNDECLARED_SELECTOR = YES;
				GCC_WARN_UNINITIALIZED_AUTOS = YES_AGGRESSIVE;
				GCC_WARN_UNUSED_FUNCTION = YES;
				GCC_WARN_UNUSED_VARIABLE = YES;
				IPHONEOS_DEPLOYMENT_TARGET = 9.0;
				MTL_ENABLE_DEBUG_INFO = NO;
				SDKROOT = iphoneos;
				SWIFT_OPTIMIZATION_LEVEL = "-Owholemodule";
				VALIDATE_PRODUCT = YES;
			};
			name = Release;
		};
		0ECBE80F1F966CBB00E9908F /* Debug */ = {
			isa = XCBuildConfiguration;
			baseConfigurationReference = C22F66D55C59921E275D553C /* Pods-TestAlsea-TestAlsea.debug.xcconfig */;
			buildSettings = {
				ASSETCATALOG_COMPILER_APPICON_NAME = AppIcon;
				CODE_SIGN_STYLE = Automatic;
				DEVELOPMENT_TEAM = 8RXY79HN34;
				INFOPLIST_FILE = TestAlsea/Info.plist;
				LD_RUNPATH_SEARCH_PATHS = "$(inherited) @executable_path/Frameworks";
				PRODUCT_BUNDLE_IDENTIFIER = com.MauJimenez.TestAlsea;
				PRODUCT_NAME = "$(TARGET_NAME)";
				SWIFT_VERSION = 3.0;
				TARGETED_DEVICE_FAMILY = "1,2";
			};
			name = Debug;
		};
		0ECBE8101F966CBB00E9908F /* Release */ = {
			isa = XCBuildConfiguration;
			baseConfigurationReference = FD7AD85ABE5219A046C922E3 /* Pods-TestAlsea-TestAlsea.release.xcconfig */;
			buildSettings = {
				ASSETCATALOG_COMPILER_APPICON_NAME = AppIcon;
				CODE_SIGN_STYLE = Automatic;
				DEVELOPMENT_TEAM = 8RXY79HN34;
				INFOPLIST_FILE = TestAlsea/Info.plist;
				LD_RUNPATH_SEARCH_PATHS = "$(inherited) @executable_path/Frameworks";
				PRODUCT_BUNDLE_IDENTIFIER = com.MauJimenez.TestAlsea;
				PRODUCT_NAME = "$(TARGET_NAME)";
				SWIFT_VERSION = 3.0;
				TARGETED_DEVICE_FAMILY = "1,2";
			};
			name = Release;
		};
		0ECBE8121F966CBB00E9908F /* Debug */ = {
			isa = XCBuildConfiguration;
			buildSettings = {
				ALWAYS_EMBED_SWIFT_STANDARD_LIBRARIES = YES;
				BUNDLE_LOADER = "$(TEST_HOST)";
				CODE_SIGN_STYLE = Automatic;
				DEVELOPMENT_TEAM = 8RXY79HN34;
				INFOPLIST_FILE = TestAlseaTests/Info.plist;
				LD_RUNPATH_SEARCH_PATHS = "$(inherited) @executable_path/Frameworks @loader_path/Frameworks";
				PRODUCT_BUNDLE_IDENTIFIER = com.MauJimenez.TestAlseaTests;
				PRODUCT_NAME = "$(TARGET_NAME)";
				SWIFT_VERSION = 4.0;
				TARGETED_DEVICE_FAMILY = "1,2";
				TEST_HOST = "$(BUILT_PRODUCTS_DIR)/TestAlsea.app/TestAlsea";
			};
			name = Debug;
		};
		0ECBE8131F966CBB00E9908F /* Release */ = {
			isa = XCBuildConfiguration;
			buildSettings = {
				ALWAYS_EMBED_SWIFT_STANDARD_LIBRARIES = YES;
				BUNDLE_LOADER = "$(TEST_HOST)";
				CODE_SIGN_STYLE = Automatic;
				DEVELOPMENT_TEAM = 8RXY79HN34;
				INFOPLIST_FILE = TestAlseaTests/Info.plist;
				LD_RUNPATH_SEARCH_PATHS = "$(inherited) @executable_path/Frameworks @loader_path/Frameworks";
				PRODUCT_BUNDLE_IDENTIFIER = com.MauJimenez.TestAlseaTests;
				PRODUCT_NAME = "$(TARGET_NAME)";
				SWIFT_VERSION = 4.0;
				TARGETED_DEVICE_FAMILY = "1,2";
				TEST_HOST = "$(BUILT_PRODUCTS_DIR)/TestAlsea.app/TestAlsea";
			};
			name = Release;
		};
/* End XCBuildConfiguration section */

/* Begin XCConfigurationList section */
		0ECBE7EC1F966CBB00E9908F /* Build configuration list for PBXProject "TestAlsea" */ = {
			isa = XCConfigurationList;
			buildConfigurations = (
				0ECBE80C1F966CBB00E9908F /* Debug */,
				0ECBE80D1F966CBB00E9908F /* Release */,
			);
			defaultConfigurationIsVisible = 0;
			defaultConfigurationName = Release;
		};
		0ECBE80E1F966CBB00E9908F /* Build configuration list for PBXNativeTarget "TestAlsea" */ = {
			isa = XCConfigurationList;
			buildConfigurations = (
				0ECBE80F1F966CBB00E9908F /* Debug */,
				0ECBE8101F966CBB00E9908F /* Release */,
			);
			defaultConfigurationIsVisible = 0;
			defaultConfigurationName = Release;
		};
		0ECBE8111F966CBB00E9908F /* Build configuration list for PBXNativeTarget "TestAlseaTests" */ = {
			isa = XCConfigurationList;
			buildConfigurations = (
				0ECBE8121F966CBB00E9908F /* Debug */,
				0ECBE8131F966CBB00E9908F /* Release */,
			);
			defaultConfigurationIsVisible = 0;
			defaultConfigurationName = Release;
		};
/* End XCConfigurationList section */
	};
	rootObject = 0ECBE7E91F966CBB00E9908F /* Project object */;
}
